
Microsoft Visual Studio Solution File, Format Version 12.00
# Visual Studio Version 17
VisualStudioVersion = 17.7.34202.233
MinimumVisualStudioVersion = 10.0.40219.1
Project("{FAE04EC0-301F-11D3-BF4B-00C04F79EFBC}") = "PostClasses", "PostClasses\PostClasses.csproj", "{C1B930DA-8CB7-45F8-B9ED-D020971384D5}"
EndProject
Global
	GlobalSection(SolutionConfigurationPlatforms) = preSolution
		Debug|Any CPU = Debug|Any CPU
		Release|Any CPU = Release|Any CPU
	EndGlobalSection
	GlobalSection(ProjectConfigurationPlatforms) = postSolution
		{C1B930DA-8CB7-45F8-B9ED-D020971384D5}.Debug|Any CPU.ActiveCfg = Debug|Any CPU
		{C1B930DA-8CB7-45F8-B9ED-D020971384D5}.Debug|Any CPU.Build.0 = Debug|Any CPU
		{C1B930DA-8CB7-45F8-B9ED-D020971384D5}.Release|Any CPU.ActiveCfg = Release|Any CPU
		{C1B930DA-8CB7-45F8-B9ED-D020971384D5}.Release|Any CPU.Build.0 = Release|Any CPU
	EndGlobalSection
	GlobalSection(SolutionProperties) = preSolution
		HideSolutionNode = FALSE
	EndGlobalSection
	GlobalSection(ExtensibilityGlobals) = postSolution
		SolutionGuid = {F7F29884-885A-489A-8753-2CAC4DE012C4}
	EndGlobalSection
EndGlobal
